
Microsoft Visual Studio Solution File, Format Version 11.00
# Visual Studio 2010
Project("{8BC9CEB8-8B4A-11D0-8D11-00A0C91BC942}") = "text12", "text12\text12.vcxproj", "{E81B114B-C8FA-4951-8B94-B691FFC34118}"
EndProject
Global
	GlobalSection(SolutionConfigurationPlatforms) = preSolution
		Debug|Win32 = Debug|Win32
		Release|Win32 = Release|Win32
	EndGlobalSection
	GlobalSection(ProjectConfigurationPlatforms) = postSolution
		{E81B114B-C8FA-4951-8B94-B691FFC34118}.Debug|Win32.ActiveCfg = Debug|Win32
		{E81B114B-C8FA-4951-8B94-B691FFC34118}.Debug|Win32.Build.0 = Debug|Win32
		{E81B114B-C8FA-4951-8B94-B691FFC34118}.Release|Win32.ActiveCfg = Release|Win32
		{E81B114B-C8FA-4951-8B94-B691FFC34118}.Release|Win32.Build.0 = Release|Win32
	EndGlobalSection
	GlobalSection(SolutionProperties) = preSolution
		HideSolutionNode = FALSE
	EndGlobalSection
EndGlobal
